{
  "name": "mi-proyecto",
  "version": "1.0.0",
  "lockfileVersion": 2,
  "dependencies": {
    "express": {
      "version": "4.17.1",
      "resolved": "https://registry.npmjs.org/express/-/express-4.17.1.tgz",
      "integrity": "sha512-xNsdE7DdtPfaEdO+ycyoOrdd5nGQZaV99FxsERcW4gk+y74D9WhTfwnm8n/sjE+DJI9yBr98cHM34FFtIHOr6g==",
      "dev": false,
      "engines": {
        "node": ">= 0.10.0"
      },
      "funding": {
        "type": "individual",
        "url": "https://github.com/sponsors/expressjs"
      },
      "dependencies": {
        "accepts": {
          "version": "1.3.7",
          "resolved": "https://registry.npmjs.org/accepts/-/accepts-1.3.7.tgz",
          "integrity": "sha512-pZ7ZOBERKwbFgk9q8R7FC8kzQwA07DPoADxQDxRZquljy0F9zKcOaTfTbBvSPKAhN0H+qLzx6s1wth7+98UP+A=="
        },
        "debug": {
          "version": "2.6.9",
          "resolved": "https://registry.npmjs.org/debug/-/debug-2.6.9.tgz",
          "integrity": "sha512-LKMFAyUMQxV1k/fU5kjRPQwINdPVL4Lf9oHq+RzrQ7jYzEwEo9QkfzDpm2oXKUVoGeBcFE0jbwFg3hty6T2GOg=="
        }
      }
    },
    "lodash": {
      "version": "4.17.21",
      "resolved": "https://registry.npmjs.org/lodash/-/lodash-4.17.21.tgz",
      "integrity": "sha512-3h5V9aYbz2hV5cbs1Zfg==",
      "dev": false
    }
  }
}
